
Microsoft Visual Studio Solution File, Format Version 12.00
# Visual Studio Version 16
VisualStudioVersion = 16.0.32228.343
MinimumVisualStudioVersion = 10.0.40219.1
Project("{2150E333-8FDC-42A3-9474-1A3956D46DE8}") = "src", "src", "{361432F4-C65E-4986-AD5F-AB4E1DA22A8E}"
EndProject
Project("{2150E333-8FDC-42A3-9474-1A3956D46DE8}") = "APIGateways", "APIGateways", "{2AA05644-711D-4D65-B6BC-3A76D0F0CE76}"
EndProject
Project("{2150E333-8FDC-42A3-9474-1A3956D46DE8}") = "Common", "Common", "{1A5607D4-BB14-483E-A465-713CB9CB7FF0}"
EndProject
Project("{2150E333-8FDC-42A3-9474-1A3956D46DE8}") = "Services", "Services", "{44990990-E0D1-476B-BEA1-419D39C9C724}"
EndProject
Project("{2150E333-8FDC-42A3-9474-1A3956D46DE8}") = "WebApp", "WebApp", "{4FB5B36A-3EC1-4F12-9CC7-20B0B4CDA9CA}"
EndProject
Project("{2150E333-8FDC-42A3-9474-1A3956D46DE8}") = "WebGateway", "WebGateway", "{4F57DA96-986F-4819-A82F-595469621169}"
EndProject
Project("{9A19103F-16F7-4668-BE54-9A1E7A4F7556}") = "Common", "Common\Common.csproj", "{5C08E9A1-3995-466E-B3CA-12053199512F}"
EndProject
Project("{9A19103F-16F7-4668-BE54-9A1E7A4F7556}") = "ProjectDocs", "ProjectDocs\ProjectDocs.csproj", "{2F3EF0EE-FB26-4FE8-B1D6-9B40F3A72099}"
EndProject
Project("{9A19103F-16F7-4668-BE54-9A1E7A4F7556}") = "ShivaayTest", "ShivaayTest\ShivaayTest.csproj", "{6962F3BF-5EB0-487C-B4A5-EDCEB9768CE7}"
EndProject
Project("{2150E333-8FDC-42A3-9474-1A3956D46DE8}") = "ProductManagement", "ProductManagement", "{D48B52E0-2958-4777-AED9-90AFEAF4AE1E}"
EndProject
Project("{9A19103F-16F7-4668-BE54-9A1E7A4F7556}") = "ProductManagementAPI", "ProductManagementAPI\ProductManagementAPI.csproj", "{7D30E932-F74B-4820-861F-DC5A262D4B97}"
EndProject
Project("{9A19103F-16F7-4668-BE54-9A1E7A4F7556}") = "LoggerSystem", "LoggerSystem\LoggerSystem.csproj", "{45566246-0523-4052-B5AC-7942636BCE88}"
EndProject
Project("{FAE04EC0-301F-11D3-BF4B-00C04F79EFBC}") = "Web.HttpAggregator", "Web.HttpAggregator\Web.HttpAggregator.csproj", "{918771C9-40B8-4600-B4AC-CA38CD1362A7}"
EndProject
Global
	GlobalSection(SolutionConfigurationPlatforms) = preSolution
		Debug|Any CPU = Debug|Any CPU
		Release|Any CPU = Release|Any CPU
	EndGlobalSection
	GlobalSection(ProjectConfigurationPlatforms) = postSolution
		{5C08E9A1-3995-466E-B3CA-12053199512F}.Debug|Any CPU.ActiveCfg = Debug|Any CPU
		{5C08E9A1-3995-466E-B3CA-12053199512F}.Debug|Any CPU.Build.0 = Debug|Any CPU
		{5C08E9A1-3995-466E-B3CA-12053199512F}.Release|Any CPU.ActiveCfg = Release|Any CPU
		{5C08E9A1-3995-466E-B3CA-12053199512F}.Release|Any CPU.Build.0 = Release|Any CPU
		{2F3EF0EE-FB26-4FE8-B1D6-9B40F3A72099}.Debug|Any CPU.ActiveCfg = Debug|Any CPU
		{2F3EF0EE-FB26-4FE8-B1D6-9B40F3A72099}.Debug|Any CPU.Build.0 = Debug|Any CPU
		{2F3EF0EE-FB26-4FE8-B1D6-9B40F3A72099}.Release|Any CPU.ActiveCfg = Release|Any CPU
		{2F3EF0EE-FB26-4FE8-B1D6-9B40F3A72099}.Release|Any CPU.Build.0 = Release|Any CPU
		{6962F3BF-5EB0-487C-B4A5-EDCEB9768CE7}.Debug|Any CPU.ActiveCfg = Debug|Any CPU
		{6962F3BF-5EB0-487C-B4A5-EDCEB9768CE7}.Debug|Any CPU.Build.0 = Debug|Any CPU
		{6962F3BF-5EB0-487C-B4A5-EDCEB9768CE7}.Release|Any CPU.ActiveCfg = Release|Any CPU
		{6962F3BF-5EB0-487C-B4A5-EDCEB9768CE7}.Release|Any CPU.Build.0 = Release|Any CPU
		{7D30E932-F74B-4820-861F-DC5A262D4B97}.Debug|Any CPU.ActiveCfg = Debug|Any CPU
		{7D30E932-F74B-4820-861F-DC5A262D4B97}.Debug|Any CPU.Build.0 = Debug|Any CPU
		{7D30E932-F74B-4820-861F-DC5A262D4B97}.Release|Any CPU.ActiveCfg = Release|Any CPU
		{7D30E932-F74B-4820-861F-DC5A262D4B97}.Release|Any CPU.Build.0 = Release|Any CPU
		{45566246-0523-4052-B5AC-7942636BCE88}.Debug|Any CPU.ActiveCfg = Debug|Any CPU
		{45566246-0523-4052-B5AC-7942636BCE88}.Debug|Any CPU.Build.0 = Debug|Any CPU
		{45566246-0523-4052-B5AC-7942636BCE88}.Release|Any CPU.ActiveCfg = Release|Any CPU
		{45566246-0523-4052-B5AC-7942636BCE88}.Release|Any CPU.Build.0 = Release|Any CPU
		{918771C9-40B8-4600-B4AC-CA38CD1362A7}.Debug|Any CPU.ActiveCfg = Debug|Any CPU
		{918771C9-40B8-4600-B4AC-CA38CD1362A7}.Debug|Any CPU.Build.0 = Debug|Any CPU
		{918771C9-40B8-4600-B4AC-CA38CD1362A7}.Release|Any CPU.ActiveCfg = Release|Any CPU
		{918771C9-40B8-4600-B4AC-CA38CD1362A7}.Release|Any CPU.Build.0 = Release|Any CPU
	EndGlobalSection
	GlobalSection(SolutionProperties) = preSolution
		HideSolutionNode = FALSE
	EndGlobalSection
	GlobalSection(NestedProjects) = preSolution
		{2AA05644-711D-4D65-B6BC-3A76D0F0CE76} = {361432F4-C65E-4986-AD5F-AB4E1DA22A8E}
		{1A5607D4-BB14-483E-A465-713CB9CB7FF0} = {361432F4-C65E-4986-AD5F-AB4E1DA22A8E}
		{44990990-E0D1-476B-BEA1-419D39C9C724} = {361432F4-C65E-4986-AD5F-AB4E1DA22A8E}
		{4FB5B36A-3EC1-4F12-9CC7-20B0B4CDA9CA} = {361432F4-C65E-4986-AD5F-AB4E1DA22A8E}
		{4F57DA96-986F-4819-A82F-595469621169} = {2AA05644-711D-4D65-B6BC-3A76D0F0CE76}
		{5C08E9A1-3995-466E-B3CA-12053199512F} = {1A5607D4-BB14-483E-A465-713CB9CB7FF0}
		{2F3EF0EE-FB26-4FE8-B1D6-9B40F3A72099} = {1A5607D4-BB14-483E-A465-713CB9CB7FF0}
		{6962F3BF-5EB0-487C-B4A5-EDCEB9768CE7} = {4FB5B36A-3EC1-4F12-9CC7-20B0B4CDA9CA}
		{D48B52E0-2958-4777-AED9-90AFEAF4AE1E} = {44990990-E0D1-476B-BEA1-419D39C9C724}
		{7D30E932-F74B-4820-861F-DC5A262D4B97} = {D48B52E0-2958-4777-AED9-90AFEAF4AE1E}
		{45566246-0523-4052-B5AC-7942636BCE88} = {1A5607D4-BB14-483E-A465-713CB9CB7FF0}
		{918771C9-40B8-4600-B4AC-CA38CD1362A7} = {4F57DA96-986F-4819-A82F-595469621169}
	EndGlobalSection
	GlobalSection(ExtensibilityGlobals) = postSolution
		SolutionGuid = {7E6E564A-850E-4C99-98B7-F883AD2DD97C}
	EndGlobalSection
EndGlobal
